
Microsoft Visual Studio Solution File, Format Version 12.00
# Visual Studio Version 16
VisualStudioVersion = 16.0.29230.47
MinimumVisualStudioVersion = 10.0.40219.1
Project("{FAE04EC0-301F-11D3-BF4B-00C04F79EFBC}") = "TracerLib", "TracerLib\TracerLib.csproj", "{6AD2A4DB-B3EF-4B57-AF0B-3B7B40257173}"
EndProject
Project("{FAE04EC0-301F-11D3-BF4B-00C04F79EFBC}") = "TracerLib.Tests", "TracerLib.Tests\TracerLib.Tests.csproj", "{031289AC-5756-4332-BC15-31A8B7D18968}"
EndProject
Project("{FAE04EC0-301F-11D3-BF4B-00C04F79EFBC}") = "ConsoleApp", "ConsoleApp\ConsoleApp.csproj", "{08484A88-444F-49AB-8B72-C15268C8667F}"
EndProject
Global
	GlobalSection(SolutionConfigurationPlatforms) = preSolution
		Debug|Any CPU = Debug|Any CPU
		Release|Any CPU = Release|Any CPU
	EndGlobalSection
	GlobalSection(ProjectConfigurationPlatforms) = postSolution
		{6AD2A4DB-B3EF-4B57-AF0B-3B7B40257173}.Debug|Any CPU.ActiveCfg = Debug|Any CPU
		{6AD2A4DB-B3EF-4B57-AF0B-3B7B40257173}.Debug|Any CPU.Build.0 = Debug|Any CPU
		{6AD2A4DB-B3EF-4B57-AF0B-3B7B40257173}.Release|Any CPU.ActiveCfg = Release|Any CPU
		{6AD2A4DB-B3EF-4B57-AF0B-3B7B40257173}.Release|Any CPU.Build.0 = Release|Any CPU
		{031289AC-5756-4332-BC15-31A8B7D18968}.Debug|Any CPU.ActiveCfg = Debug|Any CPU
		{031289AC-5756-4332-BC15-31A8B7D18968}.Debug|Any CPU.Build.0 = Debug|Any CPU
		{031289AC-5756-4332-BC15-31A8B7D18968}.Release|Any CPU.ActiveCfg = Release|Any CPU
		{031289AC-5756-4332-BC15-31A8B7D18968}.Release|Any CPU.Build.0 = Release|Any CPU
		{08484A88-444F-49AB-8B72-C15268C8667F}.Debug|Any CPU.ActiveCfg = Debug|Any CPU
		{08484A88-444F-49AB-8B72-C15268C8667F}.Debug|Any CPU.Build.0 = Debug|Any CPU
		{08484A88-444F-49AB-8B72-C15268C8667F}.Release|Any CPU.ActiveCfg = Release|Any CPU
		{08484A88-444F-49AB-8B72-C15268C8667F}.Release|Any CPU.Build.0 = Release|Any CPU
	EndGlobalSection
	GlobalSection(SolutionProperties) = preSolution
		HideSolutionNode = FALSE
	EndGlobalSection
	GlobalSection(ExtensibilityGlobals) = postSolution
		SolutionGuid = {940B6798-9EEC-418E-A43B-0BA634F05718}
	EndGlobalSection
EndGlobal
